
Microsoft Visual Studio Solution File, Format Version 12.00
# Visual Studio Version 16
VisualStudioVersion = 16.0.30717.126
MinimumVisualStudioVersion = 10.0.40219.1
Project("{FAE04EC0-301F-11D3-BF4B-00C04F79EFBC}") = "BatMaker", "BatMaker\BatMaker.csproj", "{29FF6B15-6E1E-4B2A-A93C-63DF9F0245CD}"
EndProject
Global
	GlobalSection(SolutionConfigurationPlatforms) = preSolution
		Debug|Any CPU = Debug|Any CPU
		Release|Any CPU = Release|Any CPU
	EndGlobalSection
	GlobalSection(ProjectConfigurationPlatforms) = postSolution
		{29FF6B15-6E1E-4B2A-A93C-63DF9F0245CD}.Debug|Any CPU.ActiveCfg = Debug|Any CPU
		{29FF6B15-6E1E-4B2A-A93C-63DF9F0245CD}.Debug|Any CPU.Build.0 = Debug|Any CPU
		{29FF6B15-6E1E-4B2A-A93C-63DF9F0245CD}.Release|Any CPU.ActiveCfg = Release|Any CPU
		{29FF6B15-6E1E-4B2A-A93C-63DF9F0245CD}.Release|Any CPU.Build.0 = Release|Any CPU
	EndGlobalSection
	GlobalSection(SolutionProperties) = preSolution
		HideSolutionNode = FALSE
	EndGlobalSection
	GlobalSection(ExtensibilityGlobals) = postSolution
		SolutionGuid = {785F3C87-B76D-45FF-8C33-5E1D73EC980B}
	EndGlobalSection
EndGlobal
